
Microsoft Visual Studio Solution File, Format Version 12.00
# Visual Studio Version 17
VisualStudioVersion = 17.1.32328.378
MinimumVisualStudioVersion = 10.0.40219.1
Project("{9A19103F-16F7-4668-BE54-9A1E7A4F7556}") = "TAssistant", "TAssistant\TAssistant.csproj", "{0AFF95B0-1A73-42D5-9E7A-D0FA0A9B3E79}"
EndProject
Project("{9A19103F-16F7-4668-BE54-9A1E7A4F7556}") = "GoogleTranslateFreeApi", "..\GoogleTranslateFreeApi\trunk\GoogleTranslateFreeApi\GoogleTranslateFreeApi.csproj", "{7C9013AB-9959-4EF5-A5C2-B62481022272}"
EndProject
Global
	GlobalSection(SolutionConfigurationPlatforms) = preSolution
		Debug|Any CPU = Debug|Any CPU
		Release|Any CPU = Release|Any CPU
	EndGlobalSection
	GlobalSection(ProjectConfigurationPlatforms) = postSolution
		{0AFF95B0-1A73-42D5-9E7A-D0FA0A9B3E79}.Debug|Any CPU.ActiveCfg = Debug|Any CPU
		{0AFF95B0-1A73-42D5-9E7A-D0FA0A9B3E79}.Debug|Any CPU.Build.0 = Debug|Any CPU
		{0AFF95B0-1A73-42D5-9E7A-D0FA0A9B3E79}.Release|Any CPU.ActiveCfg = Release|Any CPU
		{0AFF95B0-1A73-42D5-9E7A-D0FA0A9B3E79}.Release|Any CPU.Build.0 = Release|Any CPU
		{7C9013AB-9959-4EF5-A5C2-B62481022272}.Debug|Any CPU.ActiveCfg = Debug|Any CPU
		{7C9013AB-9959-4EF5-A5C2-B62481022272}.Debug|Any CPU.Build.0 = Debug|Any CPU
		{7C9013AB-9959-4EF5-A5C2-B62481022272}.Release|Any CPU.ActiveCfg = Release|Any CPU
		{7C9013AB-9959-4EF5-A5C2-B62481022272}.Release|Any CPU.Build.0 = Release|Any CPU
	EndGlobalSection
	GlobalSection(SolutionProperties) = preSolution
		HideSolutionNode = FALSE
	EndGlobalSection
	GlobalSection(ExtensibilityGlobals) = postSolution
		SolutionGuid = {1B1F18DD-2EA3-4236-8432-94F9B32631E1}
	EndGlobalSection
EndGlobal
